// !$*UTF8*$!
{
	archiveVersion = 1;
	classes = {
	};
	objectVersion = 46;
	objects = {

/* Begin PBXBuildFile section */
		B1294D0F1BD486F500E5B256 /* PlaySoundsViewController.swift in Sources */ = {isa = PBXBuildFile; fileRef = B1294D0E1BD486F500E5B256 /* PlaySoundsViewController.swift */; settings = {ASSET_TAGS = (); }; };
		B1294D111BD5EB1400E5B256 /* movie_quote.mp3 in Resources */ = {isa = PBXBuildFile; fileRef = B1294D101BD5EB1400E5B256 /* movie_quote.mp3 */; settings = {ASSET_TAGS = (); }; };
		B1CFD2101BB0F73500638965 /* AppDelegate.swift in Sources */ = {isa = PBXBuildFile; fileRef = B1CFD20F1BB0F73500638965 /* AppDelegate.swift */; };
		B1CFD2121BB0F73500638965 /* ViewController.swift in Sources */ = {isa = PBXBuildFile; fileRef = B1CFD2111BB0F73500638965 /* ViewController.swift */; };
		B1CFD2151BB0F73500638965 /* Main.storyboard in Resources */ = {isa = PBXBuildFile; fileRef = B1CFD2131BB0F73500638965 /* Main.storyboard */; };
		B1CFD2171BB0F73500638965 /* Assets.xcassets in Resources */ = {isa = PBXBuildFile; fileRef = B1CFD2161BB0F73500638965 /* Assets.xcassets */; };
		B1CFD21A1BB0F73500638965 /* LaunchScreen.storyboard in Resources */ = {isa = PBXBuildFile; fileRef = B1CFD2181BB0F73500638965 /* LaunchScreen.storyboard */; };
		B1CFD2251BB0F73600638965 /* Pitch_PerfectTests.swift in Sources */ = {isa = PBXBuildFile; fileRef = B1CFD2241BB0F73600638965 /* Pitch_PerfectTests.swift */; };
		B1CFD2301BB0F73600638965 /* Pitch_PerfectUITests.swift in Sources */ = {isa = PBXBuildFile; fileRef = B1CFD22F1BB0F73600638965 /* Pitch_PerfectUITests.swift */; };
/* End PBXBuildFile section */

/* Begin PBXContainerItemProxy section */
		B1CFD2211BB0F73600638965 /* PBXContainerItemProxy */ = {
			isa = PBXContainerItemProxy;
			containerPortal = B1CFD2041BB0F73500638965 /* Project object */;
			proxyType = 1;
			remoteGlobalIDString = B1CFD20B1BB0F73500638965;
			remoteInfo = "Pitch Perfect";
		};
		B1CFD22C1BB0F73600638965 /* PBXContainerItemProxy */ = {
			isa = PBXContainerItemProxy;
			containerPortal = B1CFD2041BB0F73500638965 /* Project object */;
			proxyType = 1;
			remoteGlobalIDString = B1CFD20B1BB0F73500638965;
			remoteInfo = "Pitch Perfect";
		};
/* End PBXContainerItemProxy section */

/* Begin PBXFileReference section */
		B1294D0E1BD486F500E5B256 /* PlaySoundsViewController.swift */ = {isa = PBXFileReference; fileEncoding = 4; lastKnownFileType = sourcecode.swift; path = PlaySoundsViewController.swift; sourceTree = "<group>"; };
		B1294D101BD5EB1400E5B256 /* movie_quote.mp3 */ = {isa = PBXFileReference; lastKnownFileType = audio.mp3; path = movie_quote.mp3; sourceTree = "<group>"; };
		B1CFD20C1BB0F73500638965 /* Pitch Perfect.app */ = {isa = PBXFileReference; explicitFileType = wrapper.application; includeInIndex = 0; path = "Pitch Perfect.app"; sourceTree = BUILT_PRODUCTS_DIR; };
		B1CFD20F1BB0F73500638965 /* AppDelegate.swift */ = {isa = PBXFileReference; lastKnownFileType = sourcecode.swift; path = AppDelegate.swift; sourceTree = "<group>"; };
		B1CFD2111BB0F73500638965 /* ViewController.swift */ = {isa = PBXFileReference; lastKnownFileType = sourcecode.swift; path = ViewController.swift; sourceTree = "<group>"; };
		B1CFD2141BB0F73500638965 /* Base */ = {isa = PBXFileReference; lastKnownFileType = file.storyboard; name = Base; path = Base.lproj/Main.storyboard; sourceTree = "<group>"; };
		B1CFD2161BB0F73500638965 /* Assets.xcassets */ = {isa = PBXFileReference; lastKnownFileType = folder.assetcatalog; path = Assets.xcassets; sourceTree = "<group>"; };
		B1CFD2191BB0F73500638965 /* Base */ = {isa = PBXFileReference; lastKnownFileType = file.storyboard; name = Base; path = Base.lproj/LaunchScreen.storyboard; sourceTree = "<group>"; };
		B1CFD21B1BB0F73600638965 /* Info.plist */ = {isa = PBXFileReference; lastKnownFileType = text.plist.xml; path = Info.plist; sourceTree = "<group>"; };
		B1CFD2201BB0F73600638965 /* Pitch PerfectTests.xctest */ = {isa = PBXFileReference; explicitFileType = wrapper.cfbundle; includeInIndex = 0; path = "Pitch PerfectTests.xctest"; sourceTree = BUILT_PRODUCTS_DIR; };
		B1CFD2241BB0F73600638965 /* Pitch_PerfectTests.swift */ = {isa = PBXFileReference; lastKnownFileType = sourcecode.swift; path = Pitch_PerfectTests.swift; sourceTree = "<group>"; };
		B1CFD2261BB0F73600638965 /* Info.plist */ = {isa = PBXFileReference; lastKnownFileType = text.plist.xml; path = Info.plist; sourceTree = "<group>"; };
		B1CFD22B1BB0F73600638965 /* Pitch PerfectUITests.xctest */ = {isa = PBXFileReference; explicitFileType = wrapper.cfbundle; includeInIndex = 0; path = "Pitch PerfectUITests.xctest"; sourceTree = BUILT_PRODUCTS_DIR; };
		B1CFD22F1BB0F73600638965 /* Pitch_PerfectUITests.swift */ = {isa = PBXFileReference; lastKnownFileType = sourcecode.swift; path = Pitch_PerfectUITests.swift; sourceTree = "<group>"; };
		B1CFD2311BB0F73600638965 /* Info.plist */ = {isa = PBXFileReference; lastKnownFileType = text.plist.xml; path = Info.plist; sourceTree = "<group>"; };
/* End PBXFileReference section */

/* Begin PBXFrameworksBuildPhase section */
		B1CFD2091BB0F73500638965 /* Frameworks */ = {
			isa = PBXFrameworksBuildPhase;
			buildActionMask = 2147483647;
			files = (
			);
			runOnlyForDeploymentPostprocessing = 0;
		};
		B1CFD21D1BB0F73600638965 /* Frameworks */ = {
			isa = PBXFrameworksBuildPhase;
			buildActionMask = 2147483647;
			files = (
			);
			runOnlyForDeploymentPostprocessing = 0;
		};
		B1CFD2281BB0F73600638965 /* Frameworks */ = {
			isa = PBXFrameworksBuildPhase;
			buildActionMask = 2147483647;
			files = (
			);
			runOnlyForDeploymentPostprocessing = 0;
		};
/* End PBXFrameworksBuildPhase section */

/* Begin PBXGroup section */
		B1CFD2031BB0F73500638965 = {
			isa = PBXGroup;
			children = (
				B1CFD20E1BB0F73500638965 /* Pitch Perfect */,
				B1CFD2231BB0F73600638965 /* Pitch PerfectTests */,
				B1CFD22E1BB0F73600638965 /* Pitch PerfectUITests */,
				B1CFD20D1BB0F73500638965 /* Products */,
			);
			sourceTree = "<group>";
		};
		B1CFD20D1BB0F73500638965 /* Products */ = {
			isa = PBXGroup;
			children = (
				B1CFD20C1BB0F73500638965 /* Pitch Perfect.app */,
				B1CFD2201BB0F73600638965 /* Pitch PerfectTests.xctest */,
				B1CFD22B1BB0F73600638965 /* Pitch PerfectUITests.xctest */,
			);
			name = Products;
			sourceTree = "<group>";
		};
		B1CFD20E1BB0F73500638965 /* Pitch Perfect */ = {
			isa = PBXGroup;
			children = (
				B1CFD20F1BB0F73500638965 /* AppDelegate.swift */,
				B1CFD2111BB0F73500638965 /* ViewController.swift */,
				B1CFD2131BB0F73500638965 /* Main.storyboard */,
				B1294D0E1BD486F500E5B256 /* PlaySoundsViewController.swift */,
				B1CFD2161BB0F73500638965 /* Assets.xcassets */,
				B1294D101BD5EB1400E5B256 /* movie_quote.mp3 */,
				B1CFD2181BB0F73500638965 /* LaunchScreen.storyboard */,
				B1CFD21B1BB0F73600638965 /* Info.plist */,
			);
			path = "Pitch Perfect";
			sourceTree = "<group>";
		};
		B1CFD2231BB0F73600638965 /* Pitch PerfectTests */ = {
			isa = PBXGroup;
			children = (
				B1CFD2241BB0F73600638965 /* Pitch_PerfectTests.swift */,
				B1CFD2261BB0F73600638965 /* Info.plist */,
			);
			path = "Pitch PerfectTests";
			sourceTree = "<group>";
		};
		B1CFD22E1BB0F73600638965 /* Pitch PerfectUITests */ = {
			isa = PBXGroup;
			children = (
				B1CFD22F1BB0F73600638965 /* Pitch_PerfectUITests.swift */,
				B1CFD2311BB0F73600638965 /* Info.plist */,
			);
			path = "Pitch PerfectUITests";
			sourceTree = "<group>";
		};
/* End PBXGroup section */

/* Begin PBXNativeTarget section */
		B1CFD20B1BB0F73500638965 /* Pitch Perfect */ = {
			isa = PBXNativeTarget;
			buildConfigurationList = B1CFD2341BB0F73600638965 /* Build configuration list for PBXNativeTarget "Pitch Perfect" */;
			buildPhases = (
				B1CFD2081BB0F73500638965 /* Sources */,
				B1CFD2091BB0F73500638965 /* Frameworks */,
				B1CFD20A1BB0F73500638965 /* Resources */,
			);
			buildRules = (
			);
			dependencies = (
			);
			name = "Pitch Perfect";
			productName = "Pitch Perfect";
			productReference = B1CFD20C1BB0F73500638965 /* Pitch Perfect.app */;
			productType = "com.apple.product-type.application";
		};
		B1CFD21F1BB0F73600638965 /* Pitch PerfectTests */ = {
			isa = PBXNativeTarget;
			buildConfigurationList = B1CFD2371BB0F73600638965 /* Build configuration list for PBXNativeTarget "Pitch PerfectTests" */;
			buildPhases = (
				B1CFD21C1BB0F73600638965 /* Sources */,
				B1CFD21D1BB0F73600638965 /* Frameworks */,
				B1CFD21E1BB0F73600638965 /* Resources */,
			);
			buildRules = (
			);
			dependencies = (
				B1CFD2221BB0F73600638965 /* PBXTargetDependency */,
			);
			name = "Pitch PerfectTests";
			productName = "Pitch PerfectTests";
			productReference = B1CFD2201BB0F73600638965 /* Pitch PerfectTests.xctest */;
			productType = "com.apple.product-type.bundle.unit-test";
		};
		B1CFD22A1BB0F73600638965 /* Pitch PerfectUITests */ = {
			isa = PBXNativeTarget;
			buildConfigurationList = B1CFD23A1BB0F73600638965 /* Build configuration list for PBXNativeTarget "Pitch PerfectUITests" */;
			buildPhases = (
				B1CFD2271BB0F73600638965 /* Sources */,
				B1CFD2281BB0F73600638965 /* Frameworks */,
				B1CFD2291BB0F73600638965 /* Resources */,
			);
			buildRules = (
			);
			dependencies = (
				B1CFD22D1BB0F73600638965 /* PBXTargetDependency */,
			);
			name = "Pitch PerfectUITests";
			productName = "Pitch PerfectUITests";
			productReference = B1CFD22B1BB0F73600638965 /* Pitch PerfectUITests.xctest */;
			productType = "com.apple.product-type.bundle.ui-testing";
		};
/* End PBXNativeTarget section */

/* Begin PBXProject section */
		B1CFD2041BB0F73500638965 /* Project object */ = {
			isa = PBXProject;
			attributes = {
				LastUpgradeCheck = 0700;
				ORGANIZATIONNAME = mcopa;
				TargetAttributes = {
					B1CFD20B1BB0F73500638965 = {
						CreatedOnToolsVersion = 7.0;
					};
					B1CFD21F1BB0F73600638965 = {
						CreatedOnToolsVersion = 7.0;
						TestTargetID = B1CFD20B1BB0F73500638965;
					};
					B1CFD22A1BB0F73600638965 = {
						CreatedOnToolsVersion = 7.0;
						TestTargetID = B1CFD20B1BB0F73500638965;
					};
				};
			};
			buildConfigurationList = B1CFD2071BB0F73500638965 /* Build configuration list for PBXProject "Pitch Perfect" */;
			compatibilityVersion = "Xcode 3.2";
			developmentRegion = English;
			hasScannedForEncodings = 0;
			knownRegions = (
				en,
				Base,
			);
			mainGroup = B1CFD2031BB0F73500638965;
			productRefGroup = B1CFD20D1BB0F73500638965 /* Products */;
			projectDirPath = "";
			projectRoot = "";
			targets = (
				B1CFD20B1BB0F73500638965 /* Pitch Perfect */,
				B1CFD21F1BB0F73600638965 /* Pitch PerfectTests */,
				B1CFD22A1BB0F73600638965 /* Pitch PerfectUITests */,
			);
		};
/* End PBXProject section */

/* Begin PBXResourcesBuildPhase section */
		B1CFD20A1BB0F73500638965 /* Resources */ = {
			isa = PBXResourcesBuildPhase;
			buildActionMask = 2147483647;
			files = (
				B1CFD21A1BB0F73500638965 /* LaunchScreen.storyboard in Resources */,
				B1CFD2171BB0F73500638965 /* Assets.xcassets in Resources */,
				B1294D111BD5EB1400E5B256 /* movie_quote.mp3 in Resources */,
				B1CFD2151BB0F73500638965 /* Main.storyboard in Resources */,
			);
			runOnlyForDeploymentPostprocessing = 0;
		};
		B1CFD21E1BB0F73600638965 /* Resources */ = {
			isa = PBXResourcesBuildPhase;
			buildActionMask = 2147483647;
			files = (
			);
			runOnlyForDeploymentPostprocessing = 0;
		};
		B1CFD2291BB0F73600638965 /* Resources */ = {
			isa = PBXResourcesBuildPhase;
			buildActionMask = 2147483647;
			files = (
			);
			runOnlyForDeploymentPostprocessing = 0;
		};
/* End PBXResourcesBuildPhase section */

/* Begin PBXSourcesBuildPhase section */
		B1CFD2081BB0F73500638965 /* Sources */ = {
			isa = PBXSourcesBuildPhase;
			buildActionMask = 2147483647;
			files = (
				B1CFD2121BB0F73500638965 /* ViewController.swift in Sources */,
				B1294D0F1BD486F500E5B256 /* PlaySoundsViewController.swift in Sources */,
				B1CFD2101BB0F73500638965 /* AppDelegate.swift in Sources */,
			);
			runOnlyForDeploymentPostprocessing = 0;
		};
		B1CFD21C1BB0F73600638965 /* Sources */ = {
			isa = PBXSourcesBuildPhase;
			buildActionMask = 2147483647;
			files = (
				B1CFD2251BB0F73600638965 /* Pitch_PerfectTests.swift in Sources */,
			);
			runOnlyForDeploymentPostprocessing = 0;
		};
		B1CFD2271BB0F73600638965 /* Sources */ = {
			isa = PBXSourcesBuildPhase;
			buildActionMask = 2147483647;
			files = (
				B1CFD2301BB0F73600638965 /* Pitch_PerfectUITests.swift in Sources */,
			);
			runOnlyForDeploymentPostprocessing = 0;
		};
/* End PBXSourcesBuildPhase section */

/* Begin PBXTargetDependency section */
		B1CFD2221BB0F73600638965 /* PBXTargetDependency */ = {
			isa = PBXTargetDependency;
			target = B1CFD20B1BB0F73500638965 /* Pitch Perfect */;
			targetProxy = B1CFD2211BB0F73600638965 /* PBXContainerItemProxy */;
		};
		B1CFD22D1BB0F73600638965 /* PBXTargetDependency */ = {
			isa = PBXTargetDependency;
			target = B1CFD20B1BB0F73500638965 /* Pitch Perfect */;
			targetProxy = B1CFD22C1BB0F73600638965 /* PBXContainerItemProxy */;
		};
/* End PBXTargetDependency section */

/* Begin PBXVariantGroup section */
		B1CFD2131BB0F73500638965 /* Main.storyboard */ = {
			isa = PBXVariantGroup;
			children = (
				B1CFD2141BB0F73500638965 /* Base */,
			);
			name = Main.storyboard;
			sourceTree = "<group>";
		};
		B1CFD2181BB0F73500638965 /* LaunchScreen.storyboard */ = {
			isa = PBXVariantGroup;
			children = (
				B1CFD2191BB0F73500638965 /* Base */,
			);
			name = LaunchScreen.storyboard;
			sourceTree = "<group>";
		};
/* End PBXVariantGroup section */

/* Begin XCBuildConfiguration section */
		B1CFD2321BB0F73600638965 /* Debug */ = {
			isa = XCBuildConfiguration;
			buildSettings = {
				ALWAYS_SEARCH_USER_PATHS = NO;
				CLANG_CXX_LANGUAGE_STANDARD = "gnu++0x";
				CLANG_CXX_LIBRARY = "libc++";
				CLANG_ENABLE_MODULES = YES;
				CLANG_ENABLE_OBJC_ARC = YES;
				CLANG_WARN_BOOL_CONVERSION = YES;
				CLANG_WARN_CONSTANT_CONVERSION = YES;
				CLANG_WARN_DIRECT_OBJC_ISA_USAGE = YES_ERROR;
				CLANG_WARN_EMPTY_BODY = YES;
				CLANG_WARN_ENUM_CONVERSION = YES;
				CLANG_WARN_INT_CONVERSION = YES;
				CLANG_WARN_OBJC_ROOT_CLASS = YES_ERROR;
				CLANG_WARN_UNREACHABLE_CODE = YES;
				CLANG_WARN__DUPLICATE_METHOD_MATCH = YES;
				"CODE_SIGN_IDENTITY[sdk=iphoneos*]" = "iPhone Developer";
				COPY_PHASE_STRIP = NO;
				DEBUG_INFORMATION_FORMAT = dwarf;
				ENABLE_STRICT_OBJC_MSGSEND = YES;
				ENABLE_TESTABILITY = YES;
				GCC_C_LANGUAGE_STANDARD = gnu99;
				GCC_DYNAMIC_NO_PIC = NO;
				GCC_NO_COMMON_BLOCKS = YES;
				GCC_OPTIMIZATION_LEVEL = 0;
				GCC_PREPROCESSOR_DEFINITIONS = (
					"DEBUG=1",
					"$(inherited)",
				);
				GCC_WARN_64_TO_32_BIT_CONVERSION = YES;
				GCC_WARN_ABOUT_RETURN_TYPE = YES_ERROR;
				GCC_WARN_UNDECLARED_SELECTOR = YES;
				GCC_WARN_UNINITIALIZED_AUTOS = YES_AGGRESSIVE;
				GCC_WARN_UNUSED_FUNCTION = YES;
				GCC_WARN_UNUSED_VARIABLE = YES;
				IPHONEOS_DEPLOYMENT_TARGET = 9.0;
				MTL_ENABLE_DEBUG_INFO = YES;
				ONLY_ACTIVE_ARCH = YES;
				SDKROOT = iphoneos;
				SWIFT_OPTIMIZATION_LEVEL = "-Onone";
			};
			name = Debug;
		};
		B1CFD2331BB0F73600638965 /* Release */ = {
			isa = XCBuildConfiguration;
			buildSettings = {
				ALWAYS_SEARCH_USER_PATHS = NO;
				CLANG_CXX_LANGUAGE_STANDARD = "gnu++0x";
				CLANG_CXX_LIBRARY = "libc++";
				CLANG_ENABLE_MODULES = YES;
				CLANG_ENABLE_OBJC_ARC = YES;
				CLANG_WARN_BOOL_CONVERSION = YES;
				CLANG_WARN_CONSTANT_CONVERSION = YES;
				CLANG_WARN_DIRECT_OBJC_ISA_USAGE = YES_ERROR;
				CLANG_WARN_EMPTY_BODY = YES;
				CLANG_WARN_ENUM_CONVERSION = YES;
				CLANG_WARN_INT_CONVERSION = YES;
				CLANG_WARN_OBJC_ROOT_CLASS = YES_ERROR;
				CLANG_WARN_UNREACHABLE_CODE = YES;
				CLANG_WARN__DUPLICATE_METHOD_MATCH = YES;
				"CODE_SIGN_IDENTITY[sdk=iphoneos*]" = "iPhone Developer";
				COPY_PHASE_STRIP = NO;
				DEBUG_INFORMATION_FORMAT = "dwarf-with-dsym";
				ENABLE_NS_ASSERTIONS = NO;
				ENABLE_STRICT_OBJC_MSGSEND = YES;
				GCC_C_LANGUAGE_STANDARD = gnu99;
				GCC_NO_COMMON_BLOCKS = YES;
				GCC_WARN_64_TO_32_BIT_CONVERSION = YES;
				GCC_WARN_ABOUT_RETURN_TYPE = YES_ERROR;
				GCC_WARN_UNDECLARED_SELECTOR = YES;
				GCC_WARN_UNINITIALIZED_AUTOS = YES_AGGRESSIVE;
				GCC_WARN_UNUSED_FUNCTION = YES;
				GCC_WARN_UNUSED_VARIABLE = YES;
				IPHONEOS_DEPLOYMENT_TARGET = 9.0;
				MTL_ENABLE_DEBUG_INFO = NO;
				SDKROOT = iphoneos;
				VALIDATE_PRODUCT = YES;
			};
			name = Release;
		};
		B1CFD2351BB0F73600638965 /* Debug */ = {
			isa = XCBuildConfiguration;
			buildSettings = {
				ASSETCATALOG_COMPILER_APPICON_NAME = AppIcon;
				INFOPLIST_FILE = "Pitch Perfect/Info.plist";
				LD_RUNPATH_SEARCH_PATHS = "$(inherited) @executable_path/Frameworks";
				PRODUCT_BUNDLE_IDENTIFIER = "com.mcopa.Pitch-Perfect";
				PRODUCT_NAME = "$(TARGET_NAME)";
			};
			name = Debug;
		};
		B1CFD2361BB0F73600638965 /* Release */ = {
			isa = XCBuildConfiguration;
			buildSettings = {
				ASSETCATALOG_COMPILER_APPICON_NAME = AppIcon;
				INFOPLIST_FILE = "Pitch Perfect/Info.plist";
				LD_RUNPATH_SEARCH_PATHS = "$(inherited) @executable_path/Frameworks";
				PRODUCT_BUNDLE_IDENTIFIER = "com.mcopa.Pitch-Perfect";
				PRODUCT_NAME = "$(TARGET_NAME)";
			};
			name = Release;
		};
		B1CFD2381BB0F73600638965 /* Debug */ = {
			isa = XCBuildConfiguration;
			buildSettings = {
				BUNDLE_LOADER = "$(TEST_HOST)";
				INFOPLIST_FILE = "Pitch PerfectTests/Info.plist";
				LD_RUNPATH_SEARCH_PATHS = "$(inherited) @executable_path/Frameworks @loader_path/Frameworks";
				PRODUCT_BUNDLE_IDENTIFIER = "com.mcopa.Pitch-PerfectTests";
				PRODUCT_NAME = "$(TARGET_NAME)";
				TEST_HOST = "$(BUILT_PRODUCTS_DIR)/Pitch Perfect.app/Pitch Perfect";
			};
			name = Debug;
		};
		B1CFD2391BB0F73600638965 /* Release */ = {
			isa = XCBuildConfiguration;
			buildSettings = {
				BUNDLE_LOADER = "$(TEST_HOST)";
				INFOPLIST_FILE = "Pitch PerfectTests/Info.plist";
				LD_RUNPATH_SEARCH_PATHS = "$(inherited) @executable_path/Frameworks @loader_path/Frameworks";
				PRODUCT_BUNDLE_IDENTIFIER = "com.mcopa.Pitch-PerfectTests";
				PRODUCT_NAME = "$(TARGET_NAME)";
				TEST_HOST = "$(BUILT_PRODUCTS_DIR)/Pitch Perfect.app/Pitch Perfect";
			};
			name = Release;
		};
		B1CFD23B1BB0F73600638965 /* Debug */ = {
			isa = XCBuildConfiguration;
			buildSettings = {
				INFOPLIST_FILE = "Pitch PerfectUITests/Info.plist";
				LD_RUNPATH_SEARCH_PATHS = "$(inherited) @executable_path/Frameworks @loader_path/Frameworks";
				PRODUCT_BUNDLE_IDENTIFIER = "com.mcopa.Pitch-PerfectUITests";
				PRODUCT_NAME = "$(TARGET_NAME)";
				TEST_TARGET_NAME = "Pitch Perfect";
				USES_XCTRUNNER = YES;
			};
			name = Debug;
		};
		B1CFD23C1BB0F73600638965 /* Release */ = {
			isa = XCBuildConfiguration;
			buildSettings = {
				INFOPLIST_FILE = "Pitch PerfectUITests/Info.plist";
				LD_RUNPATH_SEARCH_PATHS = "$(inherited) @executable_path/Frameworks @loader_path/Frameworks";
				PRODUCT_BUNDLE_IDENTIFIER = "com.mcopa.Pitch-PerfectUITests";
				PRODUCT_NAME = "$(TARGET_NAME)";
				TEST_TARGET_NAME = "Pitch Perfect";
				USES_XCTRUNNER = YES;
			};
			name = Release;
		};
/* End XCBuildConfiguration section */

/* Begin XCConfigurationList section */
		B1CFD2071BB0F73500638965 /* Build configuration list for PBXProject "Pitch Perfect" */ = {
			isa = XCConfigurationList;
			buildConfigurations = (
				B1CFD2321BB0F73600638965 /* Debug */,
				B1CFD2331BB0F73600638965 /* Release */,
			);
			defaultConfigurationIsVisible = 0;
			defaultConfigurationName = Release;
		};
		B1CFD2341BB0F73600638965 /* Build configuration list for PBXNativeTarget "Pitch Perfect" */ = {
			isa = XCConfigurationList;
			buildConfigurations = (
				B1CFD2351BB0F73600638965 /* Debug */,
				B1CFD2361BB0F73600638965 /* Release */,
			);
			defaultConfigurationIsVisible = 0;
			defaultConfigurationName = Release;
		};
		B1CFD2371BB0F73600638965 /* Build configuration list for PBXNativeTarget "Pitch PerfectTests" */ = {
			isa = XCConfigurationList;
			buildConfigurations = (
				B1CFD2381BB0F73600638965 /* Debug */,
				B1CFD2391BB0F73600638965 /* Release */,
			);
			defaultConfigurationIsVisible = 0;
			defaultConfigurationName = Release;
		};
		B1CFD23A1BB0F73600638965 /* Build configuration list for PBXNativeTarget "Pitch PerfectUITests" */ = {
			isa = XCConfigurationList;
			buildConfigurations = (
				B1CFD23B1BB0F73600638965 /* Debug */,
				B1CFD23C1BB0F73600638965 /* Release */,
			);
			defaultConfigurationIsVisible = 0;
			defaultConfigurationName = Release;
		};
/* End XCConfigurationList section */
	};
	rootObject = B1CFD2041BB0F73500638965 /* Project object */;
}
